
Microsoft Visual Studio Solution File, Format Version 12.00
# Visual Studio Version 16
VisualStudioVersion = 16.0.30104.148
MinimumVisualStudioVersion = 10.0.40219.1
Project("{FAE04EC0-301F-11D3-BF4B-00C04F79EFBC}") = "AdoptOpenJDK-UpdateWatcher", "AdoptOpenJDK-UpdateWatcher.csproj", "{CA4BD54C-A4C8-4897-A115-BE5F83C6BCC5}"
EndProject
Global
	GlobalSection(SolutionConfigurationPlatforms) = preSolution
		Debug|Any CPU = Debug|Any CPU
		Release|Any CPU = Release|Any CPU
	EndGlobalSection
	GlobalSection(ProjectConfigurationPlatforms) = postSolution
		{CA4BD54C-A4C8-4897-A115-BE5F83C6BCC5}.Debug|Any CPU.ActiveCfg = Debug|Any CPU
		{CA4BD54C-A4C8-4897-A115-BE5F83C6BCC5}.Debug|Any CPU.Build.0 = Debug|Any CPU
		{CA4BD54C-A4C8-4897-A115-BE5F83C6BCC5}.Release|Any CPU.ActiveCfg = Release|Any CPU
		{CA4BD54C-A4C8-4897-A115-BE5F83C6BCC5}.Release|Any CPU.Build.0 = Release|Any CPU
	EndGlobalSection
	GlobalSection(SolutionProperties) = preSolution
		HideSolutionNode = FALSE
	EndGlobalSection
	GlobalSection(ExtensibilityGlobals) = postSolution
		SolutionGuid = {3FF62E4C-1371-4244-9DD8-1D12C9A876A0}
	EndGlobalSection
EndGlobal
